
Microsoft Visual Studio Solution File, Format Version 12.00
# Visual Studio 2013
VisualStudioVersion = 12.0.31101.0
MinimumVisualStudioVersion = 10.0.40219.1
Project("{FAE04EC0-301F-11D3-BF4B-00C04F79EFBC}") = "Test12Noda.Objects", "Objects/Test12Noda.Objects.csproj", "{961B4BFC-6003-44C1-948B-42883AB74065}"
EndProject
Project("{FAE04EC0-301F-11D3-BF4B-00C04F79EFBC}") = "Test12Noda.ODataBackend", "ODataBackend/Test12Noda.ODataBackend.csproj", "{064B848F-8853-47B4-8735-AF23B27DC2B2}"
EndProject
Global
	GlobalSection(SolutionConfigurationPlatforms) = preSolution
Debug|Any CPU = Debug|Any CPU
Release|Any CPU = Release|Any CPU
	EndGlobalSection
	GlobalSection(ProjectConfigurationPlatforms) = postSolution
		{961B4BFC-6003-44C1-948B-42883AB74065}.Debug|Any CPU.ActiveCfg = Debug|Any CPU
		{961B4BFC-6003-44C1-948B-42883AB74065}.Debug|Any CPU.Build.0 = Debug|Any CPU
		{961B4BFC-6003-44C1-948B-42883AB74065}.Release|Any CPU.ActiveCfg = Release|Any CPU
		{961B4BFC-6003-44C1-948B-42883AB74065}.Release|Any CPU.Build.0 = Release|Any CPU
		{064B848F-8853-47B4-8735-AF23B27DC2B2}.Debug|Any CPU.ActiveCfg = Debug|Any CPU
		{064B848F-8853-47B4-8735-AF23B27DC2B2}.Debug|Any CPU.Build.0 = Debug|Any CPU
		{064B848F-8853-47B4-8735-AF23B27DC2B2}.Release|Any CPU.ActiveCfg = Release|Any CPU
		{064B848F-8853-47B4-8735-AF23B27DC2B2}.Release|Any CPU.Build.0 = Release|Any CPU
	EndGlobalSection
	GlobalSection(SolutionProperties) = preSolution
		HideSolutionNode = FALSE
	EndGlobalSection
EndGlobal
